
Microsoft Visual Studio Solution File, Format Version 12.00
# Visual Studio Version 17
VisualStudioVersion = 17.8.34004.107
MinimumVisualStudioVersion = 10.0.40219.1
Project("{FAE04EC0-301F-11D3-BF4B-00C04F79EFBC}") = "DemoListView", "DemoListView\DemoListView.csproj", "{4381056C-7FD7-4830-8E48-FE07EB41DF2D}"
EndProject
Global
	GlobalSection(SolutionConfigurationPlatforms) = preSolution
		Debug|Any CPU = Debug|Any CPU
		Release|Any CPU = Release|Any CPU
	EndGlobalSection
	GlobalSection(ProjectConfigurationPlatforms) = postSolution
		{4381056C-7FD7-4830-8E48-FE07EB41DF2D}.Debug|Any CPU.ActiveCfg = Debug|Any CPU
		{4381056C-7FD7-4830-8E48-FE07EB41DF2D}.Debug|Any CPU.Build.0 = Debug|Any CPU
		{4381056C-7FD7-4830-8E48-FE07EB41DF2D}.Debug|Any CPU.Deploy.0 = Debug|Any CPU
		{4381056C-7FD7-4830-8E48-FE07EB41DF2D}.Release|Any CPU.ActiveCfg = Release|Any CPU
		{4381056C-7FD7-4830-8E48-FE07EB41DF2D}.Release|Any CPU.Build.0 = Release|Any CPU
		{4381056C-7FD7-4830-8E48-FE07EB41DF2D}.Release|Any CPU.Deploy.0 = Release|Any CPU
	EndGlobalSection
	GlobalSection(SolutionProperties) = preSolution
		HideSolutionNode = FALSE
	EndGlobalSection
	GlobalSection(ExtensibilityGlobals) = postSolution
		SolutionGuid = {6B8186DF-A006-4854-BE81-1D4CAF943FD0}
	EndGlobalSection
EndGlobal
